{
    "_meta": {
        "hash": {
            "sha256": "f8761baa3cc4b75d5d33a49161885db851475f7ef668e2bbce92e5080e17b15b"
        },
        "pipfile-spec": 6,
        "requires": {
            "python_version": "3.14"
        },
        "sources": [
            {
                "name": "pypi",
                "url": "https://pypi.org/simple",
                "verify_ssl": true
            }
        ]
    },
    "default": {
        "asgiref": {
            "hashes": [
                "sha256:59dcb51c272ad209d59bed5708a64a333083e86017d7fcdd67498eeab7784340",
                "sha256:fe386d1c2bff7259ea95929266d12a8cf9a8b5a1c2598402967d8792e7a7c094"
            ],
            "markers": "python_version >= '3.10'",
            "version": "==3.12.1"
        },
        "django": {
            "hashes": [
                "sha256:585fb82bf15053c42cf52e67c2f1b54a032dca384759315fd6678ab1870d1d72",
                "sha256:7ab93536d8e677aa14554c56426290c69480bf2ee68d7513d4a22f57d6bfeb84"
            ],
            "index": "pypi",
            "markers": "python_version >= '3.12'",
            "version": "==6.1.1"
        },
        "django-axes": {
            "hashes": [
                "sha256:d57e923c0ba33cf45275253dd1313c3a3ff04bec686b38d677beb2b3d43c7bcd",
                "sha256:f7887582fd12713064f1602091ff6152752becae5e891a15bf802746cab0f51a"
            ],
            "index": "pypi",
            "markers": "python_version >= '3.10'",
            "version": "==8.3.1"
        },
        "django-jazzmin": {
            "hashes": [
                "sha256:578fb1fc0a1b7e3b8472d2692ace60b1584ccd937c3828e2c9a89bdf94067f94",
                "sha256:7e39b029bddbb60f3aaf9897bd009f39f8f2bdc8a7d86beed1e943706dd79692"
            ],
            "index": "pypi",
            "markers": "python_version >= '3.10'",
            "version": "==3.0.5"
        },
        "django-ratelimit": {
            "hashes": [
                "sha256:555943b283045b917ad59f196829530d63be2a39adb72788d985b90c81ba808b",
                "sha256:d047a31cf94d83ef1465d7543ca66c6fc16695559b5f8d814d1b51df15110b92"
            ],
            "index": "pypi",
            "markers": "python_version >= '3.7'",
            "version": "==4.1.0"
        },
        "django-unfold": {
            "hashes": [
                "sha256:6cb928bc0d9a9487075334084f738c44729b36e6c6fd0b9bfbdd6a504c1e827d",
                "sha256:f791e6b3ca8a6f84da3a9bdc09ea8f6269194f317fcd2b871bb123c815fa557a"
            ],
            "index": "pypi",
            "markers": "python_version >= '3.12' and python_version < '4.0'",
            "version": "==0.108.0"
        },
        "python-decouple": {
            "hashes": [
                "sha256:ba6e2657d4f376ecc46f77a3a615e058d93ba5e465c01bbe57289bfb7cce680f",
                "sha256:d0d45340815b25f4de59c974b855bb38d03151d81b037d9e3f463b0c9f8cbd66"
            ],
            "index": "pypi",
            "version": "==3.8"
        },
        "sqlparse": {
            "hashes": [
                "sha256:113c35c75365ab9cc9c7231d68c6428fb11c085fc8e9eb1ad659b7ddbf6cd2b9",
                "sha256:b861c0288ce2fa56209a9a6412d2e066ac664b3873b89c26c9d8415e8e32996f"
            ],
            "markers": "python_version >= '3.10'",
            "version": "==0.6.0"
        },
        "tzdata": {
            "hashes": [
                "sha256:8cc73c0a0bfca7dbfa59235d60b2eff82231dee33f53d206db1acd9173cfc0a7",
                "sha256:b683bd1b6659ddcd810ff02ad09ba821d4bf1065072805063eb35c49617905ac"
            ],
            "markers": "python_version >= '2'",
            "version": "==2026.5"
        }
    },
    "develop": {}
}
